
Microsoft Visual Studio Solution File, Format Version 12.00
# Visual Studio Version 17
VisualStudioVersion = 17.5.33627.172
MinimumVisualStudioVersion = 10.0.40219.1
Project("{9A19103F-16F7-4668-BE54-9A1E7A4F7556}") = "PlatformService", "PlatformService\PlatformService.csproj", "{216A409E-7735-49B3-B9E7-AACE8A5BCB41}"
EndProject
Project("{2150E333-8FDC-42A3-9474-1A3956D46DE8}") = "PlatformServiceManagement", "PlatformServiceManagement", "{6AF3E8CA-DA9D-4C0F-92E9-680C837F0BF5}"
EndProject
Project("{2150E333-8FDC-42A3-9474-1A3956D46DE8}") = "PSM.Domain", "PSM.Domain", "{27B143B1-9318-4430-9B3D-3D4ABC865F7D}"
EndProject
Project("{2150E333-8FDC-42A3-9474-1A3956D46DE8}") = "PSM.Infrastructure", "PSM.Infrastructure", "{11FDF47B-E089-493B-A19B-3A81C580815C}"
EndProject
Project("{9A19103F-16F7-4668-BE54-9A1E7A4F7556}") = "PlatformManagement.Domain", "PlatformManagement.Domain\PlatformManagement.Domain.csproj", "{2646B533-EDC0-43BA-AEE0-034AB7F49A3A}"
EndProject
Project("{9A19103F-16F7-4668-BE54-9A1E7A4F7556}") = "0_Framework", "0_Framework\0_Framework.csproj", "{FEB3E52A-4C55-4FA8-BF99-C953BCD75F22}"
EndProject
Project("{9A19103F-16F7-4668-BE54-9A1E7A4F7556}") = "PlatformManagement.Infrastructure.EFCore", "PlatformManagement.Infrastructure.EFCore\PlatformManagement.Infrastructure.EFCore.csproj", "{1C394146-7E2F-46D6-A2DB-C95A3400AF60}"
EndProject
Project("{9A19103F-16F7-4668-BE54-9A1E7A4F7556}") = "PlatformManagement.Infrastructure.Configuration", "PlatformManagement.Infrastructure.Configuration\PlatformManagement.Infrastructure.Configuration.csproj", "{581438AE-75E4-4AAF-9E86-BF492CE6810D}"
EndProject
Project("{2150E333-8FDC-42A3-9474-1A3956D46DE8}") = "PSM.Application", "PSM.Application", "{FC4350C4-2C2A-4AE8-8581-D9F998DAE7D2}"
EndProject
Project("{9A19103F-16F7-4668-BE54-9A1E7A4F7556}") = "PlatformManagement.Application.Contracts", "PlatformManagement.Application.Contracts\PlatformManagement.Application.Contracts.csproj", "{010A11A6-05E5-44AA-B0BC-16E06A11ABA9}"
EndProject
Project("{9A19103F-16F7-4668-BE54-9A1E7A4F7556}") = "CommandsService", "CommandsService\CommandsService.csproj", "{81E837CA-5FE8-497E-A0D0-D0D111D45F69}"
EndProject
Project("{2150E333-8FDC-42A3-9474-1A3956D46DE8}") = "CommandServiceManagement", "CommandServiceManagement", "{B3CFC00C-5C53-4948-BF45-C0785C005E0E}"
EndProject
Project("{2150E333-8FDC-42A3-9474-1A3956D46DE8}") = "CSM.Domain", "CSM.Domain", "{0AE6D089-87EB-4F08-ABE0-839425DB143F}"
EndProject
Project("{9A19103F-16F7-4668-BE54-9A1E7A4F7556}") = "CommandManagement.Domain", "CommandManagement.Domain\CommandManagement.Domain.csproj", "{1FD60FE9-9E22-4F0E-956E-9047C8A9E6D2}"
EndProject
Project("{2150E333-8FDC-42A3-9474-1A3956D46DE8}") = "CSM.Infrastructure", "CSM.Infrastructure", "{30376C8A-6117-4471-9586-7C0389593832}"
EndProject
Project("{9A19103F-16F7-4668-BE54-9A1E7A4F7556}") = "CommandManagement.Infrastructure.EFCore", "CommandManagement.Infrastructure.EFCore\CommandManagement.Infrastructure.EFCore.csproj", "{EB8A0F90-3344-4801-A4D6-A05E6E74C51B}"
EndProject
Project("{2150E333-8FDC-42A3-9474-1A3956D46DE8}") = "CSM.Application", "CSM.Application", "{10386184-A666-4D8E-927E-0FCD55BD1565}"
EndProject
Project("{9A19103F-16F7-4668-BE54-9A1E7A4F7556}") = "CommandManagement.Application.Contracts", "CommandManagement.Application.Contracts\CommandManagement.Application.Contracts.csproj", "{59F7340F-C54C-4338-96EF-2D2D4C195B16}"
EndProject
Project("{9A19103F-16F7-4668-BE54-9A1E7A4F7556}") = "CommandManagement.Infrastructure.Configuration", "CommandManagement.Infrastructure.Configuration\CommandManagement.Infrastructure.Configuration.csproj", "{6765DE94-E7FB-4603-8937-FD68CD3C9624}"
EndProject
Project("{2150E333-8FDC-42A3-9474-1A3956D46DE8}") = "RabbitMQL", "RabbitMQL", "{F21EA7D5-BD25-407E-BCC2-3700F4CE43FE}"
EndProject
Project("{2150E333-8FDC-42A3-9474-1A3956D46DE8}") = "RBM.Application", "RBM.Application", "{6B680343-CB08-46E7-A104-1CE6852650E1}"
EndProject
Project("{FAE04EC0-301F-11D3-BF4B-00C04F79EFBC}") = "RabbitMQLManagement.Application.Contracts", "RabbitMQLManagement.Application.Contracts\RabbitMQLManagement.Application.Contracts.csproj", "{54DA1EED-3CE0-41BB-BF9C-038FFA0DAFC6}"
EndProject
Project("{2150E333-8FDC-42A3-9474-1A3956D46DE8}") = "RBM.Infrastructure", "RBM.Infrastructure", "{370D47A4-7F18-477F-ADBB-4ADB01A97AED}"
EndProject
Project("{2150E333-8FDC-42A3-9474-1A3956D46DE8}") = "RBM.Domain", "RBM.Domain", "{D271B567-CEBB-4342-9DBD-A53BA8E77016}"
EndProject
Project("{FAE04EC0-301F-11D3-BF4B-00C04F79EFBC}") = "RabbitMQLManagement.Infrastructure.Services", "RabbitMQLManagement.Infrastructure\RabbitMQLManagement.Infrastructure.Services.csproj", "{20E7B5CF-9D7F-44B1-B514-624A8EB2710E}"
EndProject
Project("{FAE04EC0-301F-11D3-BF4B-00C04F79EFBC}") = "RabbitMQLManagement.Domain", "RabbitMQLManagement.Domain\RabbitMQLManagement.Domain.csproj", "{4BC1A5AA-24EA-48B7-A0DD-EBE13900BE33}"
EndProject
Global
	GlobalSection(SolutionConfigurationPlatforms) = preSolution
		Debug|Any CPU = Debug|Any CPU
		Release|Any CPU = Release|Any CPU
	EndGlobalSection
	GlobalSection(ProjectConfigurationPlatforms) = postSolution
		{216A409E-7735-49B3-B9E7-AACE8A5BCB41}.Debug|Any CPU.ActiveCfg = Debug|Any CPU
		{216A409E-7735-49B3-B9E7-AACE8A5BCB41}.Debug|Any CPU.Build.0 = Debug|Any CPU
		{216A409E-7735-49B3-B9E7-AACE8A5BCB41}.Release|Any CPU.ActiveCfg = Release|Any CPU
		{216A409E-7735-49B3-B9E7-AACE8A5BCB41}.Release|Any CPU.Build.0 = Release|Any CPU
		{2646B533-EDC0-43BA-AEE0-034AB7F49A3A}.Debug|Any CPU.ActiveCfg = Debug|Any CPU
		{2646B533-EDC0-43BA-AEE0-034AB7F49A3A}.Debug|Any CPU.Build.0 = Debug|Any CPU
		{2646B533-EDC0-43BA-AEE0-034AB7F49A3A}.Release|Any CPU.ActiveCfg = Release|Any CPU
		{2646B533-EDC0-43BA-AEE0-034AB7F49A3A}.Release|Any CPU.Build.0 = Release|Any CPU
		{FEB3E52A-4C55-4FA8-BF99-C953BCD75F22}.Debug|Any CPU.ActiveCfg = Debug|Any CPU
		{FEB3E52A-4C55-4FA8-BF99-C953BCD75F22}.Debug|Any CPU.Build.0 = Debug|Any CPU
		{FEB3E52A-4C55-4FA8-BF99-C953BCD75F22}.Release|Any CPU.ActiveCfg = Release|Any CPU
		{FEB3E52A-4C55-4FA8-BF99-C953BCD75F22}.Release|Any CPU.Build.0 = Release|Any CPU
		{1C394146-7E2F-46D6-A2DB-C95A3400AF60}.Debug|Any CPU.ActiveCfg = Debug|Any CPU
		{1C394146-7E2F-46D6-A2DB-C95A3400AF60}.Debug|Any CPU.Build.0 = Debug|Any CPU
		{1C394146-7E2F-46D6-A2DB-C95A3400AF60}.Release|Any CPU.ActiveCfg = Release|Any CPU
		{1C394146-7E2F-46D6-A2DB-C95A3400AF60}.Release|Any CPU.Build.0 = Release|Any CPU
		{581438AE-75E4-4AAF-9E86-BF492CE6810D}.Debug|Any CPU.ActiveCfg = Debug|Any CPU
		{581438AE-75E4-4AAF-9E86-BF492CE6810D}.Debug|Any CPU.Build.0 = Debug|Any CPU
		{581438AE-75E4-4AAF-9E86-BF492CE6810D}.Release|Any CPU.ActiveCfg = Release|Any CPU
		{581438AE-75E4-4AAF-9E86-BF492CE6810D}.Release|Any CPU.Build.0 = Release|Any CPU
		{010A11A6-05E5-44AA-B0BC-16E06A11ABA9}.Debug|Any CPU.ActiveCfg = Debug|Any CPU
		{010A11A6-05E5-44AA-B0BC-16E06A11ABA9}.Debug|Any CPU.Build.0 = Debug|Any CPU
		{010A11A6-05E5-44AA-B0BC-16E06A11ABA9}.Release|Any CPU.ActiveCfg = Release|Any CPU
		{010A11A6-05E5-44AA-B0BC-16E06A11ABA9}.Release|Any CPU.Build.0 = Release|Any CPU
		{81E837CA-5FE8-497E-A0D0-D0D111D45F69}.Debug|Any CPU.ActiveCfg = Debug|Any CPU
		{81E837CA-5FE8-497E-A0D0-D0D111D45F69}.Debug|Any CPU.Build.0 = Debug|Any CPU
		{81E837CA-5FE8-497E-A0D0-D0D111D45F69}.Release|Any CPU.ActiveCfg = Release|Any CPU
		{81E837CA-5FE8-497E-A0D0-D0D111D45F69}.Release|Any CPU.Build.0 = Release|Any CPU
		{1FD60FE9-9E22-4F0E-956E-9047C8A9E6D2}.Debug|Any CPU.ActiveCfg = Debug|Any CPU
		{1FD60FE9-9E22-4F0E-956E-9047C8A9E6D2}.Debug|Any CPU.Build.0 = Debug|Any CPU
		{1FD60FE9-9E22-4F0E-956E-9047C8A9E6D2}.Release|Any CPU.ActiveCfg = Release|Any CPU
		{1FD60FE9-9E22-4F0E-956E-9047C8A9E6D2}.Release|Any CPU.Build.0 = Release|Any CPU
		{EB8A0F90-3344-4801-A4D6-A05E6E74C51B}.Debug|Any CPU.ActiveCfg = Debug|Any CPU
		{EB8A0F90-3344-4801-A4D6-A05E6E74C51B}.Debug|Any CPU.Build.0 = Debug|Any CPU
		{EB8A0F90-3344-4801-A4D6-A05E6E74C51B}.Release|Any CPU.ActiveCfg = Release|Any CPU
		{EB8A0F90-3344-4801-A4D6-A05E6E74C51B}.Release|Any CPU.Build.0 = Release|Any CPU
		{59F7340F-C54C-4338-96EF-2D2D4C195B16}.Debug|Any CPU.ActiveCfg = Debug|Any CPU
		{59F7340F-C54C-4338-96EF-2D2D4C195B16}.Debug|Any CPU.Build.0 = Debug|Any CPU
		{59F7340F-C54C-4338-96EF-2D2D4C195B16}.Release|Any CPU.ActiveCfg = Release|Any CPU
		{59F7340F-C54C-4338-96EF-2D2D4C195B16}.Release|Any CPU.Build.0 = Release|Any CPU
		{6765DE94-E7FB-4603-8937-FD68CD3C9624}.Debug|Any CPU.ActiveCfg = Debug|Any CPU
		{6765DE94-E7FB-4603-8937-FD68CD3C9624}.Debug|Any CPU.Build.0 = Debug|Any CPU
		{6765DE94-E7FB-4603-8937-FD68CD3C9624}.Release|Any CPU.ActiveCfg = Release|Any CPU
		{6765DE94-E7FB-4603-8937-FD68CD3C9624}.Release|Any CPU.Build.0 = Release|Any CPU
		{54DA1EED-3CE0-41BB-BF9C-038FFA0DAFC6}.Debug|Any CPU.ActiveCfg = Debug|Any CPU
		{54DA1EED-3CE0-41BB-BF9C-038FFA0DAFC6}.Debug|Any CPU.Build.0 = Debug|Any CPU
		{54DA1EED-3CE0-41BB-BF9C-038FFA0DAFC6}.Release|Any CPU.ActiveCfg = Release|Any CPU
		{54DA1EED-3CE0-41BB-BF9C-038FFA0DAFC6}.Release|Any CPU.Build.0 = Release|Any CPU
		{20E7B5CF-9D7F-44B1-B514-624A8EB2710E}.Debug|Any CPU.ActiveCfg = Debug|Any CPU
		{20E7B5CF-9D7F-44B1-B514-624A8EB2710E}.Debug|Any CPU.Build.0 = Debug|Any CPU
		{20E7B5CF-9D7F-44B1-B514-624A8EB2710E}.Release|Any CPU.ActiveCfg = Release|Any CPU
		{20E7B5CF-9D7F-44B1-B514-624A8EB2710E}.Release|Any CPU.Build.0 = Release|Any CPU
		{4BC1A5AA-24EA-48B7-A0DD-EBE13900BE33}.Debug|Any CPU.ActiveCfg = Debug|Any CPU
		{4BC1A5AA-24EA-48B7-A0DD-EBE13900BE33}.Debug|Any CPU.Build.0 = Debug|Any CPU
		{4BC1A5AA-24EA-48B7-A0DD-EBE13900BE33}.Release|Any CPU.ActiveCfg = Release|Any CPU
		{4BC1A5AA-24EA-48B7-A0DD-EBE13900BE33}.Release|Any CPU.Build.0 = Release|Any CPU
	EndGlobalSection
	GlobalSection(SolutionProperties) = preSolution
		HideSolutionNode = FALSE
	EndGlobalSection
	GlobalSection(NestedProjects) = preSolution
		{27B143B1-9318-4430-9B3D-3D4ABC865F7D} = {6AF3E8CA-DA9D-4C0F-92E9-680C837F0BF5}
		{11FDF47B-E089-493B-A19B-3A81C580815C} = {6AF3E8CA-DA9D-4C0F-92E9-680C837F0BF5}
		{2646B533-EDC0-43BA-AEE0-034AB7F49A3A} = {27B143B1-9318-4430-9B3D-3D4ABC865F7D}
		{1C394146-7E2F-46D6-A2DB-C95A3400AF60} = {11FDF47B-E089-493B-A19B-3A81C580815C}
		{581438AE-75E4-4AAF-9E86-BF492CE6810D} = {11FDF47B-E089-493B-A19B-3A81C580815C}
		{FC4350C4-2C2A-4AE8-8581-D9F998DAE7D2} = {6AF3E8CA-DA9D-4C0F-92E9-680C837F0BF5}
		{010A11A6-05E5-44AA-B0BC-16E06A11ABA9} = {FC4350C4-2C2A-4AE8-8581-D9F998DAE7D2}
		{0AE6D089-87EB-4F08-ABE0-839425DB143F} = {B3CFC00C-5C53-4948-BF45-C0785C005E0E}
		{1FD60FE9-9E22-4F0E-956E-9047C8A9E6D2} = {0AE6D089-87EB-4F08-ABE0-839425DB143F}
		{30376C8A-6117-4471-9586-7C0389593832} = {B3CFC00C-5C53-4948-BF45-C0785C005E0E}
		{EB8A0F90-3344-4801-A4D6-A05E6E74C51B} = {30376C8A-6117-4471-9586-7C0389593832}
		{10386184-A666-4D8E-927E-0FCD55BD1565} = {B3CFC00C-5C53-4948-BF45-C0785C005E0E}
		{59F7340F-C54C-4338-96EF-2D2D4C195B16} = {10386184-A666-4D8E-927E-0FCD55BD1565}
		{6765DE94-E7FB-4603-8937-FD68CD3C9624} = {30376C8A-6117-4471-9586-7C0389593832}
		{6B680343-CB08-46E7-A104-1CE6852650E1} = {F21EA7D5-BD25-407E-BCC2-3700F4CE43FE}
		{54DA1EED-3CE0-41BB-BF9C-038FFA0DAFC6} = {6B680343-CB08-46E7-A104-1CE6852650E1}
		{370D47A4-7F18-477F-ADBB-4ADB01A97AED} = {F21EA7D5-BD25-407E-BCC2-3700F4CE43FE}
		{D271B567-CEBB-4342-9DBD-A53BA8E77016} = {F21EA7D5-BD25-407E-BCC2-3700F4CE43FE}
		{20E7B5CF-9D7F-44B1-B514-624A8EB2710E} = {370D47A4-7F18-477F-ADBB-4ADB01A97AED}
		{4BC1A5AA-24EA-48B7-A0DD-EBE13900BE33} = {D271B567-CEBB-4342-9DBD-A53BA8E77016}
	EndGlobalSection
	GlobalSection(ExtensibilityGlobals) = postSolution
		SolutionGuid = {51F47BC7-2BDD-4411-A7FD-7F1005F81E2A}
	EndGlobalSection
EndGlobal
