
Microsoft Visual Studio Solution File, Format Version 12.00
# Visual Studio Version 17
VisualStudioVersion = 17.5.33627.172
MinimumVisualStudioVersion = 10.0.40219.1
Project("{9A19103F-16F7-4668-BE54-9A1E7A4F7556}") = "PlatformService", "PlatformService\PlatformService.csproj", "{216A409E-7735-49B3-B9E7-AACE8A5BCB41}"
EndProject
Project("{2150E333-8FDC-42A3-9474-1A3956D46DE8}") = "PlatformServiceManagement", "PlatformServiceManagement", "{6AF3E8CA-DA9D-4C0F-92E9-680C837F0BF5}"
EndProject
Project("{2150E333-8FDC-42A3-9474-1A3956D46DE8}") = "PSM.Domain", "PSM.Domain", "{27B143B1-9318-4430-9B3D-3D4ABC865F7D}"
EndProject
Project("{2150E333-8FDC-42A3-9474-1A3956D46DE8}") = "PSM.Infrastructure", "PSM.Infrastructure", "{11FDF47B-E089-493B-A19B-3A81C580815C}"
EndProject
Project("{9A19103F-16F7-4668-BE54-9A1E7A4F7556}") = "PlatformManagement.Domain", "PlatformManagement.Domain\PlatformManagement.Domain.csproj", "{2646B533-EDC0-43BA-AEE0-034AB7F49A3A}"
EndProject
Project("{9A19103F-16F7-4668-BE54-9A1E7A4F7556}") = "0_Framework", "0_Framework\0_Framework.csproj", "{FEB3E52A-4C55-4FA8-BF99-C953BCD75F22}"
EndProject
Project("{9A19103F-16F7-4668-BE54-9A1E7A4F7556}") = "PlatformManagement.Infrastructure.EFCore", "PlatformManagement.Infrastructure.EFCore\PlatformManagement.Infrastructure.EFCore.csproj", "{1C394146-7E2F-46D6-A2DB-C95A3400AF60}"
EndProject
Project("{9A19103F-16F7-4668-BE54-9A1E7A4F7556}") = "PlatformManagement.Infrastructure.Configuration", "PlatformManagement.Infrastructure.Configuration\PlatformManagement.Infrastructure.Configuration.csproj", "{581438AE-75E4-4AAF-9E86-BF492CE6810D}"
EndProject
Project("{2150E333-8FDC-42A3-9474-1A3956D46DE8}") = "PSM.Application", "PSM.Application", "{FC4350C4-2C2A-4AE8-8581-D9F998DAE7D2}"
EndProject
Project("{9A19103F-16F7-4668-BE54-9A1E7A4F7556}") = "PlatformManagement.Application.Contracts", "PlatformManagement.Application.Contracts\PlatformManagement.Application.Contracts.csproj", "{010A11A6-05E5-44AA-B0BC-16E06A11ABA9}"
EndProject
Global
	GlobalSection(SolutionConfigurationPlatforms) = preSolution
		Debug|Any CPU = Debug|Any CPU
		Release|Any CPU = Release|Any CPU
	EndGlobalSection
	GlobalSection(ProjectConfigurationPlatforms) = postSolution
		{216A409E-7735-49B3-B9E7-AACE8A5BCB41}.Debug|Any CPU.ActiveCfg = Debug|Any CPU
		{216A409E-7735-49B3-B9E7-AACE8A5BCB41}.Debug|Any CPU.Build.0 = Debug|Any CPU
		{216A409E-7735-49B3-B9E7-AACE8A5BCB41}.Release|Any CPU.ActiveCfg = Release|Any CPU
		{216A409E-7735-49B3-B9E7-AACE8A5BCB41}.Release|Any CPU.Build.0 = Release|Any CPU
		{2646B533-EDC0-43BA-AEE0-034AB7F49A3A}.Debug|Any CPU.ActiveCfg = Debug|Any CPU
		{2646B533-EDC0-43BA-AEE0-034AB7F49A3A}.Debug|Any CPU.Build.0 = Debug|Any CPU
		{2646B533-EDC0-43BA-AEE0-034AB7F49A3A}.Release|Any CPU.ActiveCfg = Release|Any CPU
		{2646B533-EDC0-43BA-AEE0-034AB7F49A3A}.Release|Any CPU.Build.0 = Release|Any CPU
		{FEB3E52A-4C55-4FA8-BF99-C953BCD75F22}.Debug|Any CPU.ActiveCfg = Debug|Any CPU
		{FEB3E52A-4C55-4FA8-BF99-C953BCD75F22}.Debug|Any CPU.Build.0 = Debug|Any CPU
		{FEB3E52A-4C55-4FA8-BF99-C953BCD75F22}.Release|Any CPU.ActiveCfg = Release|Any CPU
		{FEB3E52A-4C55-4FA8-BF99-C953BCD75F22}.Release|Any CPU.Build.0 = Release|Any CPU
		{1C394146-7E2F-46D6-A2DB-C95A3400AF60}.Debug|Any CPU.ActiveCfg = Debug|Any CPU
		{1C394146-7E2F-46D6-A2DB-C95A3400AF60}.Debug|Any CPU.Build.0 = Debug|Any CPU
		{1C394146-7E2F-46D6-A2DB-C95A3400AF60}.Release|Any CPU.ActiveCfg = Release|Any CPU
		{1C394146-7E2F-46D6-A2DB-C95A3400AF60}.Release|Any CPU.Build.0 = Release|Any CPU
		{581438AE-75E4-4AAF-9E86-BF492CE6810D}.Debug|Any CPU.ActiveCfg = Debug|Any CPU
		{581438AE-75E4-4AAF-9E86-BF492CE6810D}.Debug|Any CPU.Build.0 = Debug|Any CPU
		{581438AE-75E4-4AAF-9E86-BF492CE6810D}.Release|Any CPU.ActiveCfg = Release|Any CPU
		{581438AE-75E4-4AAF-9E86-BF492CE6810D}.Release|Any CPU.Build.0 = Release|Any CPU
		{010A11A6-05E5-44AA-B0BC-16E06A11ABA9}.Debug|Any CPU.ActiveCfg = Debug|Any CPU
		{010A11A6-05E5-44AA-B0BC-16E06A11ABA9}.Debug|Any CPU.Build.0 = Debug|Any CPU
		{010A11A6-05E5-44AA-B0BC-16E06A11ABA9}.Release|Any CPU.ActiveCfg = Release|Any CPU
		{010A11A6-05E5-44AA-B0BC-16E06A11ABA9}.Release|Any CPU.Build.0 = Release|Any CPU
	EndGlobalSection
	GlobalSection(SolutionProperties) = preSolution
		HideSolutionNode = FALSE
	EndGlobalSection
	GlobalSection(NestedProjects) = preSolution
		{27B143B1-9318-4430-9B3D-3D4ABC865F7D} = {6AF3E8CA-DA9D-4C0F-92E9-680C837F0BF5}
		{11FDF47B-E089-493B-A19B-3A81C580815C} = {6AF3E8CA-DA9D-4C0F-92E9-680C837F0BF5}
		{2646B533-EDC0-43BA-AEE0-034AB7F49A3A} = {27B143B1-9318-4430-9B3D-3D4ABC865F7D}
		{1C394146-7E2F-46D6-A2DB-C95A3400AF60} = {11FDF47B-E089-493B-A19B-3A81C580815C}
		{581438AE-75E4-4AAF-9E86-BF492CE6810D} = {11FDF47B-E089-493B-A19B-3A81C580815C}
		{FC4350C4-2C2A-4AE8-8581-D9F998DAE7D2} = {6AF3E8CA-DA9D-4C0F-92E9-680C837F0BF5}
		{010A11A6-05E5-44AA-B0BC-16E06A11ABA9} = {FC4350C4-2C2A-4AE8-8581-D9F998DAE7D2}
	EndGlobalSection
	GlobalSection(ExtensibilityGlobals) = postSolution
		SolutionGuid = {51F47BC7-2BDD-4411-A7FD-7F1005F81E2A}
	EndGlobalSection
EndGlobal
